<?xml version="1.0" encoding="utf-8"?>
<Project ToolsVersion="4.0" xmlns="http://schemas.microsoft.com/developer/msbuild/2003">
  <ItemGroup>
    <Filter Include="Source Files">
      <UniqueIdentifier>{4FC737F1-C7A5-4376-A066-2A32D752A2FF}</UniqueIdentifier>
      <Extensions>qml;cpp;c;cc;cxx;def;odl;idl;hpj;bat;asm;asmx</Extensions>
    </Filter>
    <Filter Include="Header Files">
      <UniqueIdentifier>{93995380-89BD-4b04-88EB-625FBE52EBFB}</UniqueIdentifier>
      <Extensions>h;hh;hpp;hxx;hm;inl;inc;xsd</Extensions>
    </Filter>
    <Filter Include="Resource Files">
      <UniqueIdentifier>{67DA6AB6-F800-4c08-8B7A-83BB121AAD01}</UniqueIdentifier>
      <Extensions>qrc;rc;ico;cur;bmp;dlg;rc2;rct;bin;rgs;gif;jpg;jpeg;jpe;resx;tiff;tif;png;wav;mfcribbon-ms</Extensions>
    </Filter>
    <Filter Include="Form Files">
      <UniqueIdentifier>{99349809-55BA-4b9d-BF79-8FDBB0286EB3}</UniqueIdentifier>
      <Extensions>ui</Extensions>
    </Filter>
    <Filter Include="Translation Files">
      <UniqueIdentifier>{639EADAA-A684-42e4-A9AD-28FC9BCB8F7C}</UniqueIdentifier>
      <Extensions>ts</Extensions>
    </Filter>
    <Filter Include="Header Files\ChatComponent">
      <UniqueIdentifier>{917a2c93-5337-46bc-88bc-979b07807a44}</UniqueIdentifier>
    </Filter>
    <Filter Include="Header Files\ContactComponent">
      <UniqueIdentifier>{059bae2f-0240-4181-8278-81ecd45e2995}</UniqueIdentifier>
    </Filter>
    <Filter Include="Source Files\ContactComponent">
      <UniqueIdentifier>{5ecb0957-fdc7-45ff-9ca0-a5eb04df6bc3}</UniqueIdentifier>
    </Filter>
    <Filter Include="Source Files\ChatComponent">
      <UniqueIdentifier>{74f7d2aa-60da-4c33-b134-b86605791359}</UniqueIdentifier>
    </Filter>
    <Filter Include="Source Files\FunctionalComponent">
      <UniqueIdentifier>{916e3cbc-3ad7-4158-83ac-1fc697f25529}</UniqueIdentifier>
    </Filter>
    <Filter Include="Header Files\FunctionalComponent">
      <UniqueIdentifier>{cba7c756-ef49-4481-a6b8-64711fd69681}</UniqueIdentifier>
    </Filter>
  </ItemGroup>
  <ItemGroup>
    <QtRcc Include="Easy.qrc">
      <Filter>Resource Files</Filter>
    </QtRcc>
    <QtUic Include="LoginPage.ui">
      <Filter>Form Files</Filter>
    </QtUic>
    <QtMoc Include="LoginPage.h">
      <Filter>Header Files</Filter>
    </QtMoc>
    <ClCompile Include="LoginPage.cpp">
      <Filter>Source Files</Filter>
    </ClCompile>
  </ItemGroup>
  <ItemGroup>
    <ClCompile Include="main.cpp">
      <Filter>Source Files</Filter>
    </ClCompile>
    <ClCompile Include="Protocol.cpp">
      <Filter>Source Files</Filter>
    </ClCompile>
    <ClCompile Include="Formation.cpp">
      <Filter>Source Files</Filter>
    </ClCompile>
    <ClCompile Include="MainWidget.cpp">
      <Filter>Source Files</Filter>
    </ClCompile>
    <ClCompile Include="MainPage.cpp">
      <Filter>Source Files</Filter>
    </ClCompile>
    <ClCompile Include="ChatPage.cpp">
      <Filter>Source Files\ChatComponent</Filter>
    </ClCompile>
    <ClCompile Include="MessageListWidget.cpp">
      <Filter>Source Files\ChatComponent</Filter>
    </ClCompile>
    <ClCompile Include="MessageListWidgetItem.cpp">
      <Filter>Source Files\ChatComponent</Filter>
    </ClCompile>
    <ClCompile Include="ContactsListWidget.cpp">
      <Filter>Source Files\ContactComponent</Filter>
    </ClCompile>
    <ClCompile Include="ContactsListWidgetItem.cpp">
      <Filter>Source Files\ContactComponent</Filter>
    </ClCompile>
    <ClCompile Include="ContactsPage.cpp">
      <Filter>Source Files\ContactComponent</Filter>
    </ClCompile>
    <ClCompile Include="FunctionalPage.cpp">
      <Filter>Source Files\FunctionalComponent</Filter>
    </ClCompile>
  </ItemGroup>
  <ItemGroup>
    <ClInclude Include="Formation.h">
      <Filter>Header Files</Filter>
    </ClInclude>
    <ClInclude Include="MessageListWidget.h">
      <Filter>Header Files\ChatComponent</Filter>
    </ClInclude>
    <ClInclude Include="MessageListWidgetItem.h">
      <Filter>Header Files\ChatComponent</Filter>
    </ClInclude>
  </ItemGroup>
  <ItemGroup>
    <QtMoc Include="MainWidget.h">
      <Filter>Header Files</Filter>
    </QtMoc>
    <QtMoc Include="MainPage.h">
      <Filter>Header Files</Filter>
    </QtMoc>
    <QtMoc Include="Protocol.h">
      <Filter>Header Files</Filter>
    </QtMoc>
    <QtMoc Include="ChatPage.h">
      <Filter>Header Files\ChatComponent</Filter>
    </QtMoc>
    <QtMoc Include="ContactsListWidget.h">
      <Filter>Header Files\ContactComponent</Filter>
    </QtMoc>
    <QtMoc Include="ContactsListWidgetItem.h">
      <Filter>Header Files\ContactComponent</Filter>
    </QtMoc>
    <QtMoc Include="ContactsPage.h">
      <Filter>Header Files\ContactComponent</Filter>
    </QtMoc>
    <QtMoc Include="FunctionalPage.h">
      <Filter>Header Files\FunctionalComponent</Filter>
    </QtMoc>
  </ItemGroup>
  <ItemGroup>
    <QtUic Include="ContactsPage.ui">
      <Filter>Form Files</Filter>
    </QtUic>
    <QtUic Include="FunctionalPage.ui">
      <Filter>Form Files</Filter>
    </QtUic>
    <QtUic Include="MainPage.ui">
      <Filter>Form Files</Filter>
    </QtUic>
    <QtUic Include="ChatPage.ui">
      <Filter>Form Files</Filter>
    </QtUic>
  </ItemGroup>
</Project>